// !$*UTF8*$!
{
	archiveVersion = 1;
	classes = {
	};
	objectVersion = 46;
	objects = {

/* Begin PBXBuildFile section */
		650FBA461F3AA9250014CFC0 /* BlinkingFaceViewController.swift in Sources */ = {isa = PBXBuildFile; fileRef = 650FBA451F3AA9250014CFC0 /* BlinkingFaceViewController.swift */; };
		650FBA481F3AB31C0014CFC0 /* EyeView.swift in Sources */ = {isa = PBXBuildFile; fileRef = 650FBA471F3AB31C0014CFC0 /* EyeView.swift */; };
		655BDC261F2AE07A001BCCD3 /* AppDelegate.swift in Sources */ = {isa = PBXBuildFile; fileRef = 655BDC251F2AE07A001BCCD3 /* AppDelegate.swift */; };
		655BDC281F2AE07A001BCCD3 /* FaceViewController.swift in Sources */ = {isa = PBXBuildFile; fileRef = 655BDC271F2AE07A001BCCD3 /* FaceViewController.swift */; };
		655BDC2B1F2AE07A001BCCD3 /* Main.storyboard in Resources */ = {isa = PBXBuildFile; fileRef = 655BDC291F2AE07A001BCCD3 /* Main.storyboard */; };
		655BDC2D1F2AE07A001BCCD3 /* Assets.xcassets in Resources */ = {isa = PBXBuildFile; fileRef = 655BDC2C1F2AE07A001BCCD3 /* Assets.xcassets */; };
		655BDC301F2AE07A001BCCD3 /* LaunchScreen.storyboard in Resources */ = {isa = PBXBuildFile; fileRef = 655BDC2E1F2AE07A001BCCD3 /* LaunchScreen.storyboard */; };
		655BDC391F2AE0F2001BCCD3 /* FaceView.swift in Sources */ = {isa = PBXBuildFile; fileRef = 655BDC381F2AE0F2001BCCD3 /* FaceView.swift */; };
		656BCF461F2ECB7B00B4223B /* FacialExpression.swift in Sources */ = {isa = PBXBuildFile; fileRef = 656BCF451F2ECB7B00B4223B /* FacialExpression.swift */; };
		656BCF481F2F2BB500B4223B /* EmotionsViewController.swift in Sources */ = {isa = PBXBuildFile; fileRef = 656BCF471F2F2BB500B4223B /* EmotionsViewController.swift */; };
/* End PBXBuildFile section */

/* Begin PBXFileReference section */
		650FBA451F3AA9250014CFC0 /* BlinkingFaceViewController.swift */ = {isa = PBXFileReference; fileEncoding = 4; lastKnownFileType = sourcecode.swift; path = BlinkingFaceViewController.swift; sourceTree = "<group>"; };
		650FBA471F3AB31C0014CFC0 /* EyeView.swift */ = {isa = PBXFileReference; fileEncoding = 4; lastKnownFileType = sourcecode.swift; path = EyeView.swift; sourceTree = "<group>"; };
		655BDC221F2AE07A001BCCD3 /* FaceIt.app */ = {isa = PBXFileReference; explicitFileType = wrapper.application; includeInIndex = 0; path = FaceIt.app; sourceTree = BUILT_PRODUCTS_DIR; };
		655BDC251F2AE07A001BCCD3 /* AppDelegate.swift */ = {isa = PBXFileReference; lastKnownFileType = sourcecode.swift; path = AppDelegate.swift; sourceTree = "<group>"; };
		655BDC271F2AE07A001BCCD3 /* FaceViewController.swift */ = {isa = PBXFileReference; lastKnownFileType = sourcecode.swift; path = FaceViewController.swift; sourceTree = "<group>"; };
		655BDC2A1F2AE07A001BCCD3 /* Base */ = {isa = PBXFileReference; lastKnownFileType = file.storyboard; name = Base; path = Base.lproj/Main.storyboard; sourceTree = "<group>"; };
		655BDC2C1F2AE07A001BCCD3 /* Assets.xcassets */ = {isa = PBXFileReference; lastKnownFileType = folder.assetcatalog; path = Assets.xcassets; sourceTree = "<group>"; };
		655BDC2F1F2AE07A001BCCD3 /* Base */ = {isa = PBXFileReference; lastKnownFileType = file.storyboard; name = Base; path = Base.lproj/LaunchScreen.storyboard; sourceTree = "<group>"; };
		655BDC311F2AE07A001BCCD3 /* Info.plist */ = {isa = PBXFileReference; lastKnownFileType = text.plist.xml; path = Info.plist; sourceTree = "<group>"; };
		655BDC381F2AE0F2001BCCD3 /* FaceView.swift */ = {isa = PBXFileReference; fileEncoding = 4; lastKnownFileType = sourcecode.swift; path = FaceView.swift; sourceTree = "<group>"; };
		656BCF451F2ECB7B00B4223B /* FacialExpression.swift */ = {isa = PBXFileReference; fileEncoding = 4; lastKnownFileType = sourcecode.swift; path = FacialExpression.swift; sourceTree = "<group>"; };
		656BCF471F2F2BB500B4223B /* EmotionsViewController.swift */ = {isa = PBXFileReference; fileEncoding = 4; lastKnownFileType = sourcecode.swift; path = EmotionsViewController.swift; sourceTree = "<group>"; };
/* End PBXFileReference section */

/* Begin PBXFrameworksBuildPhase section */
		655BDC1F1F2AE07A001BCCD3 /* Frameworks */ = {
			isa = PBXFrameworksBuildPhase;
			buildActionMask = 2147483647;
			files = (
			);
			runOnlyForDeploymentPostprocessing = 0;
		};
/* End PBXFrameworksBuildPhase section */

/* Begin PBXGroup section */
		655BDC191F2AE07A001BCCD3 = {
			isa = PBXGroup;
			children = (
				655BDC241F2AE07A001BCCD3 /* FaceIt */,
				655BDC231F2AE07A001BCCD3 /* Products */,
			);
			sourceTree = "<group>";
		};
		655BDC231F2AE07A001BCCD3 /* Products */ = {
			isa = PBXGroup;
			children = (
				655BDC221F2AE07A001BCCD3 /* FaceIt.app */,
			);
			name = Products;
			sourceTree = "<group>";
		};
		655BDC241F2AE07A001BCCD3 /* FaceIt */ = {
			isa = PBXGroup;
			children = (
				650FBA451F3AA9250014CFC0 /* BlinkingFaceViewController.swift */,
				656BCF471F2F2BB500B4223B /* EmotionsViewController.swift */,
				655BDC271F2AE07A001BCCD3 /* FaceViewController.swift */,
				656BCF451F2ECB7B00B4223B /* FacialExpression.swift */,
				655BDC381F2AE0F2001BCCD3 /* FaceView.swift */,
				650FBA471F3AB31C0014CFC0 /* EyeView.swift */,
				655BDC291F2AE07A001BCCD3 /* Main.storyboard */,
				655BDC371F2AE09B001BCCD3 /* Supporting Files */,
			);
			path = FaceIt;
			sourceTree = "<group>";
		};
		655BDC371F2AE09B001BCCD3 /* Supporting Files */ = {
			isa = PBXGroup;
			children = (
				655BDC251F2AE07A001BCCD3 /* AppDelegate.swift */,
				655BDC2C1F2AE07A001BCCD3 /* Assets.xcassets */,
				655BDC2E1F2AE07A001BCCD3 /* LaunchScreen.storyboard */,
				655BDC311F2AE07A001BCCD3 /* Info.plist */,
			);
			name = "Supporting Files";
			sourceTree = "<group>";
		};
/* End PBXGroup section */

/* Begin PBXNativeTarget section */
		655BDC211F2AE07A001BCCD3 /* FaceIt */ = {
			isa = PBXNativeTarget;
			buildConfigurationList = 655BDC341F2AE07A001BCCD3 /* Build configuration list for PBXNativeTarget "FaceIt" */;
			buildPhases = (
				655BDC1E1F2AE07A001BCCD3 /* Sources */,
				655BDC1F1F2AE07A001BCCD3 /* Frameworks */,
				655BDC201F2AE07A001BCCD3 /* Resources */,
			);
			buildRules = (
			);
			dependencies = (
			);
			name = FaceIt;
			productName = FaceIt;
			productReference = 655BDC221F2AE07A001BCCD3 /* FaceIt.app */;
			productType = "com.apple.product-type.application";
		};
/* End PBXNativeTarget section */

/* Begin PBXProject section */
		655BDC1A1F2AE07A001BCCD3 /* Project object */ = {
			isa = PBXProject;
			attributes = {
				LastSwiftUpdateCheck = 0830;
				LastUpgradeCheck = 0830;
				ORGANIZATIONNAME = liuyubao;
				TargetAttributes = {
					655BDC211F2AE07A001BCCD3 = {
						CreatedOnToolsVersion = 8.3.3;
						DevelopmentTeam = L4285ALH3W;
						ProvisioningStyle = Automatic;
					};
				};
			};
			buildConfigurationList = 655BDC1D1F2AE07A001BCCD3 /* Build configuration list for PBXProject "FaceIt" */;
			compatibilityVersion = "Xcode 3.2";
			developmentRegion = English;
			hasScannedForEncodings = 0;
			knownRegions = (
				en,
				Base,
			);
			mainGroup = 655BDC191F2AE07A001BCCD3;
			productRefGroup = 655BDC231F2AE07A001BCCD3 /* Products */;
			projectDirPath = "";
			projectRoot = "";
			targets = (
				655BDC211F2AE07A001BCCD3 /* FaceIt */,
			);
		};
/* End PBXProject section */

/* Begin PBXResourcesBuildPhase section */
		655BDC201F2AE07A001BCCD3 /* Resources */ = {
			isa = PBXResourcesBuildPhase;
			buildActionMask = 2147483647;
			files = (
				655BDC301F2AE07A001BCCD3 /* LaunchScreen.storyboard in Resources */,
				655BDC2D1F2AE07A001BCCD3 /* Assets.xcassets in Resources */,
				655BDC2B1F2AE07A001BCCD3 /* Main.storyboard in Resources */,
			);
			runOnlyForDeploymentPostprocessing = 0;
		};
/* End PBXResourcesBuildPhase section */

/* Begin PBXSourcesBuildPhase section */
		655BDC1E1F2AE07A001BCCD3 /* Sources */ = {
			isa = PBXSourcesBuildPhase;
			buildActionMask = 2147483647;
			files = (
				650FBA481F3AB31C0014CFC0 /* EyeView.swift in Sources */,
				655BDC281F2AE07A001BCCD3 /* FaceViewController.swift in Sources */,
				656BCF461F2ECB7B00B4223B /* FacialExpression.swift in Sources */,
				650FBA461F3AA9250014CFC0 /* BlinkingFaceViewController.swift in Sources */,
				656BCF481F2F2BB500B4223B /* EmotionsViewController.swift in Sources */,
				655BDC261F2AE07A001BCCD3 /* AppDelegate.swift in Sources */,
				655BDC391F2AE0F2001BCCD3 /* FaceView.swift in Sources */,
			);
			runOnlyForDeploymentPostprocessing = 0;
		};
/* End PBXSourcesBuildPhase section */

/* Begin PBXVariantGroup section */
		655BDC291F2AE07A001BCCD3 /* Main.storyboard */ = {
			isa = PBXVariantGroup;
			children = (
				655BDC2A1F2AE07A001BCCD3 /* Base */,
			);
			name = Main.storyboard;
			sourceTree = "<group>";
		};
		655BDC2E1F2AE07A001BCCD3 /* LaunchScreen.storyboard */ = {
			isa = PBXVariantGroup;
			children = (
				655BDC2F1F2AE07A001BCCD3 /* Base */,
			);
			name = LaunchScreen.storyboard;
			sourceTree = "<group>";
		};
/* End PBXVariantGroup section */

/* Begin XCBuildConfiguration section */
		655BDC321F2AE07A001BCCD3 /* Debug */ = {
			isa = XCBuildConfiguration;
			buildSettings = {
				ALWAYS_SEARCH_USER_PATHS = NO;
				CLANG_ANALYZER_NONNULL = YES;
				CLANG_ANALYZER_NUMBER_OBJECT_CONVERSION = YES_AGGRESSIVE;
				CLANG_CXX_LANGUAGE_STANDARD = "gnu++0x";
				CLANG_CXX_LIBRARY = "libc++";
				CLANG_ENABLE_MODULES = YES;
				CLANG_ENABLE_OBJC_ARC = YES;
				CLANG_WARN_BOOL_CONVERSION = YES;
				CLANG_WARN_CONSTANT_CONVERSION = YES;
				CLANG_WARN_DIRECT_OBJC_ISA_USAGE = YES_ERROR;
				CLANG_WARN_DOCUMENTATION_COMMENTS = YES;
				CLANG_WARN_EMPTY_BODY = YES;
				CLANG_WARN_ENUM_CONVERSION = YES;
				CLANG_WARN_INFINITE_RECURSION = YES;
				CLANG_WARN_INT_CONVERSION = YES;
				CLANG_WARN_OBJC_ROOT_CLASS = YES_ERROR;
				CLANG_WARN_SUSPICIOUS_MOVE = YES;
				CLANG_WARN_UNREACHABLE_CODE = YES;
				CLANG_WARN__DUPLICATE_METHOD_MATCH = YES;
				"CODE_SIGN_IDENTITY[sdk=iphoneos*]" = "iPhone Developer";
				COPY_PHASE_STRIP = NO;
				DEBUG_INFORMATION_FORMAT = dwarf;
				ENABLE_STRICT_OBJC_MSGSEND = YES;
				ENABLE_TESTABILITY = YES;
				GCC_C_LANGUAGE_STANDARD = gnu99;
				GCC_DYNAMIC_NO_PIC = NO;
				GCC_NO_COMMON_BLOCKS = YES;
				GCC_OPTIMIZATION_LEVEL = 0;
				GCC_PREPROCESSOR_DEFINITIONS = (
					"DEBUG=1",
					"$(inherited)",
				);
				GCC_WARN_64_TO_32_BIT_CONVERSION = YES;
				GCC_WARN_ABOUT_RETURN_TYPE = YES_ERROR;
				GCC_WARN_UNDECLARED_SELECTOR = YES;
				GCC_WARN_UNINITIALIZED_AUTOS = YES_AGGRESSIVE;
				GCC_WARN_UNUSED_FUNCTION = YES;
				GCC_WARN_UNUSED_VARIABLE = YES;
				IPHONEOS_DEPLOYMENT_TARGET = 10.3;
				MTL_ENABLE_DEBUG_INFO = YES;
				ONLY_ACTIVE_ARCH = YES;
				SDKROOT = iphoneos;
				SWIFT_ACTIVE_COMPILATION_CONDITIONS = DEBUG;
				SWIFT_OPTIMIZATION_LEVEL = "-Onone";
				TARGETED_DEVICE_FAMILY = "1,2";
			};
			name = Debug;
		};
		655BDC331F2AE07A001BCCD3 /* Release */ = {
			isa = XCBuildConfiguration;
			buildSettings = {
				ALWAYS_SEARCH_USER_PATHS = NO;
				CLANG_ANALYZER_NONNULL = YES;
				CLANG_ANALYZER_NUMBER_OBJECT_CONVERSION = YES_AGGRESSIVE;
				CLANG_CXX_LANGUAGE_STANDARD = "gnu++0x";
				CLANG_CXX_LIBRARY = "libc++";
				CLANG_ENABLE_MODULES = YES;
				CLANG_ENABLE_OBJC_ARC = YES;
				CLANG_WARN_BOOL_CONVERSION = YES;
				CLANG_WARN_CONSTANT_CONVERSION = YES;
				CLANG_WARN_DIRECT_OBJC_ISA_USAGE = YES_ERROR;
				CLANG_WARN_DOCUMENTATION_COMMENTS = YES;
				CLANG_WARN_EMPTY_BODY = YES;
				CLANG_WARN_ENUM_CONVERSION = YES;
				CLANG_WARN_INFINITE_RECURSION = YES;
				CLANG_WARN_INT_CONVERSION = YES;
				CLANG_WARN_OBJC_ROOT_CLASS = YES_ERROR;
				CLANG_WARN_SUSPICIOUS_MOVE = YES;
				CLANG_WARN_UNREACHABLE_CODE = YES;
				CLANG_WARN__DUPLICATE_METHOD_MATCH = YES;
				"CODE_SIGN_IDENTITY[sdk=iphoneos*]" = "iPhone Developer";
				COPY_PHASE_STRIP = NO;
				DEBUG_INFORMATION_FORMAT = "dwarf-with-dsym";
				ENABLE_NS_ASSERTIONS = NO;
				ENABLE_STRICT_OBJC_MSGSEND = YES;
				GCC_C_LANGUAGE_STANDARD = gnu99;
				GCC_NO_COMMON_BLOCKS = YES;
				GCC_WARN_64_TO_32_BIT_CONVERSION = YES;
				GCC_WARN_ABOUT_RETURN_TYPE = YES_ERROR;
				GCC_WARN_UNDECLARED_SELECTOR = YES;
				GCC_WARN_UNINITIALIZED_AUTOS = YES_AGGRESSIVE;
				GCC_WARN_UNUSED_FUNCTION = YES;
				GCC_WARN_UNUSED_VARIABLE = YES;
				IPHONEOS_DEPLOYMENT_TARGET = 10.3;
				MTL_ENABLE_DEBUG_INFO = NO;
				SDKROOT = iphoneos;
				SWIFT_OPTIMIZATION_LEVEL = "-Owholemodule";
				TARGETED_DEVICE_FAMILY = "1,2";
				VALIDATE_PRODUCT = YES;
			};
			name = Release;
		};
		655BDC351F2AE07A001BCCD3 /* Debug */ = {
			isa = XCBuildConfiguration;
			buildSettings = {
				ASSETCATALOG_COMPILER_APPICON_NAME = AppIcon;
				DEVELOPMENT_TEAM = L4285ALH3W;
				INFOPLIST_FILE = FaceIt/Info.plist;
				LD_RUNPATH_SEARCH_PATHS = "$(inherited) @executable_path/Frameworks";
				PRODUCT_BUNDLE_IDENTIFIER = com.liuyubao.FaceIt;
				PRODUCT_NAME = "$(TARGET_NAME)";
				SWIFT_VERSION = 3.0;
			};
			name = Debug;
		};
		655BDC361F2AE07A001BCCD3 /* Release */ = {
			isa = XCBuildConfiguration;
			buildSettings = {
				ASSETCATALOG_COMPILER_APPICON_NAME = AppIcon;
				DEVELOPMENT_TEAM = L4285ALH3W;
				INFOPLIST_FILE = FaceIt/Info.plist;
				LD_RUNPATH_SEARCH_PATHS = "$(inherited) @executable_path/Frameworks";
				PRODUCT_BUNDLE_IDENTIFIER = com.liuyubao.FaceIt;
				PRODUCT_NAME = "$(TARGET_NAME)";
				SWIFT_VERSION = 3.0;
			};
			name = Release;
		};
/* End XCBuildConfiguration section */

/* Begin XCConfigurationList section */
		655BDC1D1F2AE07A001BCCD3 /* Build configuration list for PBXProject "FaceIt" */ = {
			isa = XCConfigurationList;
			buildConfigurations = (
				655BDC321F2AE07A001BCCD3 /* Debug */,
				655BDC331F2AE07A001BCCD3 /* Release */,
			);
			defaultConfigurationIsVisible = 0;
			defaultConfigurationName = Release;
		};
		655BDC341F2AE07A001BCCD3 /* Build configuration list for PBXNativeTarget "FaceIt" */ = {
			isa = XCConfigurationList;
			buildConfigurations = (
				655BDC351F2AE07A001BCCD3 /* Debug */,
				655BDC361F2AE07A001BCCD3 /* Release */,
			);
			defaultConfigurationIsVisible = 0;
			defaultConfigurationName = Release;
		};
/* End XCConfigurationList section */
	};
	rootObject = 655BDC1A1F2AE07A001BCCD3 /* Project object */;
}
